// !$*UTF8*$!
{
	archiveVersion = 1;
	classes = {
	};
	objectVersion = 56;
	objects = {

/* Begin PBXBuildFile section */
		362CF7752B7942390024DBED /* Alamofire in Frameworks */ = {isa = PBXBuildFile; productRef = 362CF7742B7942390024DBED /* Alamofire */; };
		362CF7782B7942B40024DBED /* Requests.swift in Sources */ = {isa = PBXBuildFile; fileRef = 362CF7772B7942B40024DBED /* Requests.swift */; };
		362CF77C2B7A03CE0024DBED /* Sidebar.swift in Sources */ = {isa = PBXBuildFile; fileRef = 362CF77B2B7A03CE0024DBED /* Sidebar.swift */; };
		362CF77E2B7A066B0024DBED /* CourseView.swift in Sources */ = {isa = PBXBuildFile; fileRef = 362CF77D2B7A066B0024DBED /* CourseView.swift */; };
		362CF7802B7A10AE0024DBED /* CourseItem.swift in Sources */ = {isa = PBXBuildFile; fileRef = 362CF77F2B7A10AE0024DBED /* CourseItem.swift */; };
		362CF7842B7A131E0024DBED /* CoursesList.swift in Sources */ = {isa = PBXBuildFile; fileRef = 362CF7832B7A131E0024DBED /* CoursesList.swift */; };
		362CF7862B7A51D90024DBED /* CourseRow.swift in Sources */ = {isa = PBXBuildFile; fileRef = 362CF7852B7A51D90024DBED /* CourseRow.swift */; };
		362CF7892B7A5B650024DBED /* EhallData.swift in Sources */ = {isa = PBXBuildFile; fileRef = 362CF7882B7A5B650024DBED /* EhallData.swift */; };
		362CF7922B7B936D0024DBED /* AppScreen.swift in Sources */ = {isa = PBXBuildFile; fileRef = 362CF7912B7B936C0024DBED /* AppScreen.swift */; };
		362CF7952B7B967A0024DBED /* TrashView.swift in Sources */ = {isa = PBXBuildFile; fileRef = 362CF7942B7B967A0024DBED /* TrashView.swift */; };
		362CF7972B7B96CD0024DBED /* AppTabView.swift in Sources */ = {isa = PBXBuildFile; fileRef = 362CF7962B7B96CD0024DBED /* AppTabView.swift */; };
		362CF79A2B7B99880024DBED /* HomeNavigationStack.swift in Sources */ = {isa = PBXBuildFile; fileRef = 362CF7992B7B99880024DBED /* HomeNavigationStack.swift */; };
		362CF79D2B7B9A6B0024DBED /* AccountNavigationStack.swift in Sources */ = {isa = PBXBuildFile; fileRef = 362CF79C2B7B9A6B0024DBED /* AccountNavigationStack.swift */; };
		362CF7A02B7B9ACA0024DBED /* ScoreNavigationStack.swift in Sources */ = {isa = PBXBuildFile; fileRef = 362CF79F2B7B9ACA0024DBED /* ScoreNavigationStack.swift */; };
		362CF7A22B7B9C310024DBED /* ScoreCard.swift in Sources */ = {isa = PBXBuildFile; fileRef = 362CF7A12B7B9C310024DBED /* ScoreCard.swift */; };
		362CF7A42B7B9CB20024DBED /* ScoreCardGrid.swift in Sources */ = {isa = PBXBuildFile; fileRef = 362CF7A32B7B9CB20024DBED /* ScoreCardGrid.swift */; };
		362CF7A62B7B9D4C0024DBED /* ScoreDetailView.swift in Sources */ = {isa = PBXBuildFile; fileRef = 362CF7A52B7B9D4C0024DBED /* ScoreDetailView.swift */; };
		362CF7A82B7BA6CA0024DBED /* LoginView.swift in Sources */ = {isa = PBXBuildFile; fileRef = 362CF7A72B7BA6CA0024DBED /* LoginView.swift */; };
		36BB89BC2B89011A00A18FF5 /* AccountButton.swift in Sources */ = {isa = PBXBuildFile; fileRef = 36BB89BB2B89011A00A18FF5 /* AccountButton.swift */; };
		36BB89BF2B890BCF00A18FF5 /* ScoreViewModel.swift in Sources */ = {isa = PBXBuildFile; fileRef = 36BB89BE2B890BCF00A18FF5 /* ScoreViewModel.swift */; };
		36BB89C12B89C16C00A18FF5 /* DismissButton.swift in Sources */ = {isa = PBXBuildFile; fileRef = 36BB89C02B89C16C00A18FF5 /* DismissButton.swift */; };
		36BB89C52B89EAD100A18FF5 /* Blob.swift in Sources */ = {isa = PBXBuildFile; fileRef = 36BB89C42B89EAD100A18FF5 /* Blob.swift */; };
		36BB89C72B8A2A1500A18FF5 /* NavigationViewHeaderWithImageBlock.swift in Sources */ = {isa = PBXBuildFile; fileRef = 36BB89C62B8A2A1500A18FF5 /* NavigationViewHeaderWithImageBlock.swift */; };
		36CD154F2B9464E4006E2FCC /* Auth.swift in Sources */ = {isa = PBXBuildFile; fileRef = 36CD154E2B9464E4006E2FCC /* Auth.swift */; };
		36CD15512B9464FA006E2FCC /* Info.swift in Sources */ = {isa = PBXBuildFile; fileRef = 36CD15502B9464FA006E2FCC /* Info.swift */; };
		36CD15532B946505006E2FCC /* Score.swift in Sources */ = {isa = PBXBuildFile; fileRef = 36CD15522B946505006E2FCC /* Score.swift */; };
		36CD15552B949E03006E2FCC /* CourseTable.swift in Sources */ = {isa = PBXBuildFile; fileRef = 36CD15542B949E03006E2FCC /* CourseTable.swift */; };
		36CD15572B94EA92006E2FCC /* HCard.swift in Sources */ = {isa = PBXBuildFile; fileRef = 36CD15562B94EA92006E2FCC /* HCard.swift */; };
		36CD15592B94EA9D006E2FCC /* VCard.swift in Sources */ = {isa = PBXBuildFile; fileRef = 36CD15582B94EA9D006E2FCC /* VCard.swift */; };
		36CD155E2B95A452006E2FCC /* Inject in Frameworks */ = {isa = PBXBuildFile; productRef = 36CD155D2B95A452006E2FCC /* Inject */; };
		36CD15612B95A4C0006E2FCC /* RiveRuntime in Frameworks */ = {isa = PBXBuildFile; productRef = 36CD15602B95A4C0006E2FCC /* RiveRuntime */; };
		36CD15632B95A539006E2FCC /* PreviewConstants.swift in Sources */ = {isa = PBXBuildFile; fileRef = 36CD15622B95A539006E2FCC /* PreviewConstants.swift */; };
		36CD15652B95A746006E2FCC /* OnBoardingView.swift in Sources */ = {isa = PBXBuildFile; fileRef = 36CD15642B95A746006E2FCC /* OnBoardingView.swift */; };
		36CD156E2B95A7B3006E2FCC /* check.riv in Resources */ = {isa = PBXBuildFile; fileRef = 36CD15672B95A7B2006E2FCC /* check.riv */; };
		36CD156F2B95A7B3006E2FCC /* button.riv in Resources */ = {isa = PBXBuildFile; fileRef = 36CD15682B95A7B2006E2FCC /* button.riv */; };
		36CD15702B95A7B3006E2FCC /* confetti.riv in Resources */ = {isa = PBXBuildFile; fileRef = 36CD15692B95A7B2006E2FCC /* confetti.riv */; };
		36CD15712B95A7B3006E2FCC /* menu_button.riv in Resources */ = {isa = PBXBuildFile; fileRef = 36CD156A2B95A7B2006E2FCC /* menu_button.riv */; };
		36CD15722B95A7B3006E2FCC /* house.riv in Resources */ = {isa = PBXBuildFile; fileRef = 36CD156B2B95A7B2006E2FCC /* house.riv */; };
		36CD15732B95A7B3006E2FCC /* icons.riv in Resources */ = {isa = PBXBuildFile; fileRef = 36CD156C2B95A7B2006E2FCC /* icons.riv */; };
		36CD15742B95A7B3006E2FCC /* shapes.riv in Resources */ = {isa = PBXBuildFile; fileRef = 36CD156D2B95A7B2006E2FCC /* shapes.riv */; };
		36F94D6D2B905E4100C0C182 /* ehall_networking_framework.xcframework in Frameworks */ = {isa = PBXBuildFile; fileRef = 36F94D6C2B905E4100C0C182 /* ehall_networking_framework.xcframework */; };
		36F94D6E2B905E4100C0C182 /* ehall_networking_framework.xcframework in Embed Frameworks */ = {isa = PBXBuildFile; fileRef = 36F94D6C2B905E4100C0C182 /* ehall_networking_framework.xcframework */; settings = {ATTRIBUTES = (CodeSignOnCopy, RemoveHeadersOnCopy, ); }; };
		36F94D742B90C80000C0C182 /* ehall_networking.swift in Sources */ = {isa = PBXBuildFile; fileRef = 36F94D732B90C80000C0C182 /* ehall_networking.swift */; };
		36FBF0CC2B793EFC007FF51E /* EhallApp.swift in Sources */ = {isa = PBXBuildFile; fileRef = 36FBF0CB2B793EFC007FF51E /* EhallApp.swift */; };
		36FBF0CE2B793EFC007FF51E /* ContentView.swift in Sources */ = {isa = PBXBuildFile; fileRef = 36FBF0CD2B793EFC007FF51E /* ContentView.swift */; };
		36FBF0D02B793EFE007FF51E /* Assets.xcassets in Resources */ = {isa = PBXBuildFile; fileRef = 36FBF0CF2B793EFE007FF51E /* Assets.xcassets */; };
		36FBF0D42B793EFE007FF51E /* Preview Assets.xcassets in Resources */ = {isa = PBXBuildFile; fileRef = 36FBF0D32B793EFE007FF51E /* Preview Assets.xcassets */; };
		36FBF0DE2B793EFE007FF51E /* EhallTests.swift in Sources */ = {isa = PBXBuildFile; fileRef = 36FBF0DD2B793EFE007FF51E /* EhallTests.swift */; };
		36FBF0E82B793EFE007FF51E /* EhallUITests.swift in Sources */ = {isa = PBXBuildFile; fileRef = 36FBF0E72B793EFE007FF51E /* EhallUITests.swift */; };
		36FBF0EA2B793EFE007FF51E /* EhallUITestsLaunchTests.swift in Sources */ = {isa = PBXBuildFile; fileRef = 36FBF0E92B793EFE007FF51E /* EhallUITestsLaunchTests.swift */; };
/* End PBXBuildFile section */

/* Begin PBXContainerItemProxy section */
		36FBF0DA2B793EFE007FF51E /* PBXContainerItemProxy */ = {
			isa = PBXContainerItemProxy;
			containerPortal = 36FBF0C02B793EFC007FF51E /* Project object */;
			proxyType = 1;
			remoteGlobalIDString = 36FBF0C72B793EFC007FF51E;
			remoteInfo = Ehall;
		};
		36FBF0E42B793EFE007FF51E /* PBXContainerItemProxy */ = {
			isa = PBXContainerItemProxy;
			containerPortal = 36FBF0C02B793EFC007FF51E /* Project object */;
			proxyType = 1;
			remoteGlobalIDString = 36FBF0C72B793EFC007FF51E;
			remoteInfo = Ehall;
		};
/* End PBXContainerItemProxy section */

/* Begin PBXCopyFilesBuildPhase section */
		36F94D6F2B905E4100C0C182 /* Embed Frameworks */ = {
			isa = PBXCopyFilesBuildPhase;
			buildActionMask = 2147483647;
			dstPath = "";
			dstSubfolderSpec = 10;
			files = (
				36F94D6E2B905E4100C0C182 /* ehall_networking_framework.xcframework in Embed Frameworks */,
			);
			name = "Embed Frameworks";
			runOnlyForDeploymentPostprocessing = 0;
		};
/* End PBXCopyFilesBuildPhase section */

/* Begin PBXFileReference section */
		362CF7772B7942B40024DBED /* Requests.swift */ = {isa = PBXFileReference; lastKnownFileType = sourcecode.swift; path = Requests.swift; sourceTree = "<group>"; };
		362CF7792B7949770024DBED /* Info.plist */ = {isa = PBXFileReference; lastKnownFileType = text.plist; path = Info.plist; sourceTree = "<group>"; };
		362CF77B2B7A03CE0024DBED /* Sidebar.swift */ = {isa = PBXFileReference; lastKnownFileType = sourcecode.swift; path = Sidebar.swift; sourceTree = "<group>"; };
		362CF77D2B7A066B0024DBED /* CourseView.swift */ = {isa = PBXFileReference; lastKnownFileType = sourcecode.swift; path = CourseView.swift; sourceTree = "<group>"; };
		362CF77F2B7A10AE0024DBED /* CourseItem.swift */ = {isa = PBXFileReference; lastKnownFileType = sourcecode.swift; path = CourseItem.swift; sourceTree = "<group>"; };
		362CF7832B7A131E0024DBED /* CoursesList.swift */ = {isa = PBXFileReference; lastKnownFileType = sourcecode.swift; path = CoursesList.swift; sourceTree = "<group>"; };
		362CF7852B7A51D90024DBED /* CourseRow.swift */ = {isa = PBXFileReference; lastKnownFileType = sourcecode.swift; path = CourseRow.swift; sourceTree = "<group>"; };
		362CF7882B7A5B650024DBED /* EhallData.swift */ = {isa = PBXFileReference; lastKnownFileType = sourcecode.swift; path = EhallData.swift; sourceTree = "<group>"; };
		362CF7912B7B936C0024DBED /* AppScreen.swift */ = {isa = PBXFileReference; lastKnownFileType = sourcecode.swift; path = AppScreen.swift; sourceTree = "<group>"; };
		362CF7942B7B967A0024DBED /* TrashView.swift */ = {isa = PBXFileReference; lastKnownFileType = sourcecode.swift; path = TrashView.swift; sourceTree = "<group>"; };
		362CF7962B7B96CD0024DBED /* AppTabView.swift */ = {isa = PBXFileReference; lastKnownFileType = sourcecode.swift; path = AppTabView.swift; sourceTree = "<group>"; };
		362CF7992B7B99880024DBED /* HomeNavigationStack.swift */ = {isa = PBXFileReference; lastKnownFileType = sourcecode.swift; path = HomeNavigationStack.swift; sourceTree = "<group>"; };
		362CF79C2B7B9A6B0024DBED /* AccountNavigationStack.swift */ = {isa = PBXFileReference; lastKnownFileType = sourcecode.swift; path = AccountNavigationStack.swift; sourceTree = "<group>"; };
		362CF79F2B7B9ACA0024DBED /* ScoreNavigationStack.swift */ = {isa = PBXFileReference; lastKnownFileType = sourcecode.swift; path = ScoreNavigationStack.swift; sourceTree = "<group>"; };
		362CF7A12B7B9C310024DBED /* ScoreCard.swift */ = {isa = PBXFileReference; lastKnownFileType = sourcecode.swift; path = ScoreCard.swift; sourceTree = "<group>"; };
		362CF7A32B7B9CB20024DBED /* ScoreCardGrid.swift */ = {isa = PBXFileReference; lastKnownFileType = sourcecode.swift; path = ScoreCardGrid.swift; sourceTree = "<group>"; };
		362CF7A52B7B9D4C0024DBED /* ScoreDetailView.swift */ = {isa = PBXFileReference; lastKnownFileType = sourcecode.swift; path = ScoreDetailView.swift; sourceTree = "<group>"; };
		362CF7A72B7BA6CA0024DBED /* LoginView.swift */ = {isa = PBXFileReference; lastKnownFileType = sourcecode.swift; path = LoginView.swift; sourceTree = "<group>"; };
		36BB89BB2B89011A00A18FF5 /* AccountButton.swift */ = {isa = PBXFileReference; lastKnownFileType = sourcecode.swift; path = AccountButton.swift; sourceTree = "<group>"; };
		36BB89BE2B890BCF00A18FF5 /* ScoreViewModel.swift */ = {isa = PBXFileReference; lastKnownFileType = sourcecode.swift; path = ScoreViewModel.swift; sourceTree = "<group>"; };
		36BB89C02B89C16C00A18FF5 /* DismissButton.swift */ = {isa = PBXFileReference; lastKnownFileType = sourcecode.swift; path = DismissButton.swift; sourceTree = "<group>"; };
		36BB89C42B89EAD100A18FF5 /* Blob.swift */ = {isa = PBXFileReference; lastKnownFileType = sourcecode.swift; path = Blob.swift; sourceTree = "<group>"; };
		36BB89C62B8A2A1500A18FF5 /* NavigationViewHeaderWithImageBlock.swift */ = {isa = PBXFileReference; lastKnownFileType = sourcecode.swift; path = NavigationViewHeaderWithImageBlock.swift; sourceTree = "<group>"; };
		36CD154E2B9464E4006E2FCC /* Auth.swift */ = {isa = PBXFileReference; lastKnownFileType = sourcecode.swift; path = Auth.swift; sourceTree = "<group>"; };
		36CD15502B9464FA006E2FCC /* Info.swift */ = {isa = PBXFileReference; lastKnownFileType = sourcecode.swift; path = Info.swift; sourceTree = "<group>"; };
		36CD15522B946505006E2FCC /* Score.swift */ = {isa = PBXFileReference; lastKnownFileType = sourcecode.swift; path = Score.swift; sourceTree = "<group>"; };
		36CD15542B949E03006E2FCC /* CourseTable.swift */ = {isa = PBXFileReference; lastKnownFileType = sourcecode.swift; path = CourseTable.swift; sourceTree = "<group>"; };
		36CD15562B94EA92006E2FCC /* HCard.swift */ = {isa = PBXFileReference; fileEncoding = 4; lastKnownFileType = sourcecode.swift; path = HCard.swift; sourceTree = "<group>"; };
		36CD15582B94EA9D006E2FCC /* VCard.swift */ = {isa = PBXFileReference; fileEncoding = 4; lastKnownFileType = sourcecode.swift; path = VCard.swift; sourceTree = "<group>"; };
		36CD15622B95A539006E2FCC /* PreviewConstants.swift */ = {isa = PBXFileReference; lastKnownFileType = sourcecode.swift; path = PreviewConstants.swift; sourceTree = "<group>"; };
		36CD15642B95A746006E2FCC /* OnBoardingView.swift */ = {isa = PBXFileReference; lastKnownFileType = sourcecode.swift; path = OnBoardingView.swift; sourceTree = "<group>"; };
		36CD15672B95A7B2006E2FCC /* check.riv */ = {isa = PBXFileReference; lastKnownFileType = file; path = check.riv; sourceTree = "<group>"; };
		36CD15682B95A7B2006E2FCC /* button.riv */ = {isa = PBXFileReference; lastKnownFileType = file; path = button.riv; sourceTree = "<group>"; };
		36CD15692B95A7B2006E2FCC /* confetti.riv */ = {isa = PBXFileReference; lastKnownFileType = file; path = confetti.riv; sourceTree = "<group>"; };
		36CD156A2B95A7B2006E2FCC /* menu_button.riv */ = {isa = PBXFileReference; lastKnownFileType = file; path = menu_button.riv; sourceTree = "<group>"; };
		36CD156B2B95A7B2006E2FCC /* house.riv */ = {isa = PBXFileReference; lastKnownFileType = file; path = house.riv; sourceTree = "<group>"; };
		36CD156C2B95A7B2006E2FCC /* icons.riv */ = {isa = PBXFileReference; lastKnownFileType = file; path = icons.riv; sourceTree = "<group>"; };
		36CD156D2B95A7B2006E2FCC /* shapes.riv */ = {isa = PBXFileReference; lastKnownFileType = file; path = shapes.riv; sourceTree = "<group>"; };
		36F94D6C2B905E4100C0C182 /* ehall_networking_framework.xcframework */ = {isa = PBXFileReference; lastKnownFileType = wrapper.xcframework; name = ehall_networking_framework.xcframework; path = "../ehall-networking/ehall_networking_framework.xcframework"; sourceTree = "<group>"; };
		36F94D732B90C80000C0C182 /* ehall_networking.swift */ = {isa = PBXFileReference; fileEncoding = 4; lastKnownFileType = sourcecode.swift; name = ehall_networking.swift; path = "../../../ehall-networking/bindings/swift/ehall_networking.swift"; sourceTree = "<group>"; };
		36F94D7B2B935A1900C0C182 /* NOTES.md */ = {isa = PBXFileReference; lastKnownFileType = net.daringfireball.markdown; path = NOTES.md; sourceTree = "<group>"; };
		36FBF0C82B793EFC007FF51E /* Ehall.app */ = {isa = PBXFileReference; explicitFileType = wrapper.application; includeInIndex = 0; path = Ehall.app; sourceTree = BUILT_PRODUCTS_DIR; };
		36FBF0CB2B793EFC007FF51E /* EhallApp.swift */ = {isa = PBXFileReference; lastKnownFileType = sourcecode.swift; path = EhallApp.swift; sourceTree = "<group>"; };
		36FBF0CD2B793EFC007FF51E /* ContentView.swift */ = {isa = PBXFileReference; lastKnownFileType = sourcecode.swift; path = ContentView.swift; sourceTree = "<group>"; };
		36FBF0CF2B793EFE007FF51E /* Assets.xcassets */ = {isa = PBXFileReference; lastKnownFileType = folder.assetcatalog; path = Assets.xcassets; sourceTree = "<group>"; };
		36FBF0D12B793EFE007FF51E /* Ehall.entitlements */ = {isa = PBXFileReference; lastKnownFileType = text.plist.entitlements; path = Ehall.entitlements; sourceTree = "<group>"; };
		36FBF0D32B793EFE007FF51E /* Preview Assets.xcassets */ = {isa = PBXFileReference; lastKnownFileType = folder.assetcatalog; path = "Preview Assets.xcassets"; sourceTree = "<group>"; };
		36FBF0D92B793EFE007FF51E /* EhallTests.xctest */ = {isa = PBXFileReference; explicitFileType = wrapper.cfbundle; includeInIndex = 0; path = EhallTests.xctest; sourceTree = BUILT_PRODUCTS_DIR; };
		36FBF0DD2B793EFE007FF51E /* EhallTests.swift */ = {isa = PBXFileReference; lastKnownFileType = sourcecode.swift; path = EhallTests.swift; sourceTree = "<group>"; };
		36FBF0E32B793EFE007FF51E /* EhallUITests.xctest */ = {isa = PBXFileReference; explicitFileType = wrapper.cfbundle; includeInIndex = 0; path = EhallUITests.xctest; sourceTree = BUILT_PRODUCTS_DIR; };
		36FBF0E72B793EFE007FF51E /* EhallUITests.swift */ = {isa = PBXFileReference; lastKnownFileType = sourcecode.swift; path = EhallUITests.swift; sourceTree = "<group>"; };
		36FBF0E92B793EFE007FF51E /* EhallUITestsLaunchTests.swift */ = {isa = PBXFileReference; lastKnownFileType = sourcecode.swift; path = EhallUITestsLaunchTests.swift; sourceTree = "<group>"; };
/* End PBXFileReference section */

/* Begin PBXFrameworksBuildPhase section */
		36FBF0C52B793EFC007FF51E /* Frameworks */ = {
			isa = PBXFrameworksBuildPhase;
			buildActionMask = 2147483647;
			files = (
				362CF7752B7942390024DBED /* Alamofire in Frameworks */,
				36CD15612B95A4C0006E2FCC /* RiveRuntime in Frameworks */,
				36F94D6D2B905E4100C0C182 /* ehall_networking_framework.xcframework in Frameworks */,
				36CD155E2B95A452006E2FCC /* Inject in Frameworks */,
			);
			runOnlyForDeploymentPostprocessing = 0;
		};
		36FBF0D62B793EFE007FF51E /* Frameworks */ = {
			isa = PBXFrameworksBuildPhase;
			buildActionMask = 2147483647;
			files = (
			);
			runOnlyForDeploymentPostprocessing = 0;
		};
		36FBF0E02B793EFE007FF51E /* Frameworks */ = {
			isa = PBXFrameworksBuildPhase;
			buildActionMask = 2147483647;
			files = (
			);
			runOnlyForDeploymentPostprocessing = 0;
		};
/* End PBXFrameworksBuildPhase section */

/* Begin PBXGroup section */
		362CF7762B7942480024DBED /* Networking */ = {
			isa = PBXGroup;
			children = (
				362CF7772B7942B40024DBED /* Requests.swift */,
				36CD154E2B9464E4006E2FCC /* Auth.swift */,
				36CD15502B9464FA006E2FCC /* Info.swift */,
				36CD15522B946505006E2FCC /* Score.swift */,
				36CD15542B949E03006E2FCC /* CourseTable.swift */,
			);
			path = Networking;
			sourceTree = "<group>";
		};
		362CF7812B7A12640024DBED /* Navigation */ = {
			isa = PBXGroup;
			children = (
				362CF77B2B7A03CE0024DBED /* Sidebar.swift */,
				362CF7912B7B936C0024DBED /* AppScreen.swift */,
				362CF7962B7B96CD0024DBED /* AppTabView.swift */,
			);
			path = Navigation;
			sourceTree = "<group>";
		};
		362CF7822B7A12800024DBED /* Items */ = {
			isa = PBXGroup;
			children = (
				362CF77F2B7A10AE0024DBED /* CourseItem.swift */,
				362CF7852B7A51D90024DBED /* CourseRow.swift */,
			);
			path = Items;
			sourceTree = "<group>";
		};
		362CF7872B7A5B2A0024DBED /* Models */ = {
			isa = PBXGroup;
			children = (
				362CF7882B7A5B650024DBED /* EhallData.swift */,
			);
			path = Models;
			sourceTree = "<group>";
		};
		362CF7932B7B965E0024DBED /* Trash */ = {
			isa = PBXGroup;
			children = (
				362CF77D2B7A066B0024DBED /* CourseView.swift */,
				362CF7832B7A131E0024DBED /* CoursesList.swift */,
				362CF7942B7B967A0024DBED /* TrashView.swift */,
			);
			path = Trash;
			sourceTree = "<group>";
		};
		362CF7982B7B99740024DBED /* Home */ = {
			isa = PBXGroup;
			children = (
				362CF7992B7B99880024DBED /* HomeNavigationStack.swift */,
				36BB89C62B8A2A1500A18FF5 /* NavigationViewHeaderWithImageBlock.swift */,
			);
			path = Home;
			sourceTree = "<group>";
		};
		362CF79B2B7B9A350024DBED /* Account */ = {
			isa = PBXGroup;
			children = (
				362CF79C2B7B9A6B0024DBED /* AccountNavigationStack.swift */,
				362CF7A72B7BA6CA0024DBED /* LoginView.swift */,
				36BB89BB2B89011A00A18FF5 /* AccountButton.swift */,
				36BB89C02B89C16C00A18FF5 /* DismissButton.swift */,
				36BB89C42B89EAD100A18FF5 /* Blob.swift */,
				36CD15642B95A746006E2FCC /* OnBoardingView.swift */,
			);
			path = Account;
			sourceTree = "<group>";
		};
		362CF79E2B7B9AB60024DBED /* Score */ = {
			isa = PBXGroup;
			children = (
				362CF79F2B7B9ACA0024DBED /* ScoreNavigationStack.swift */,
				362CF7A12B7B9C310024DBED /* ScoreCard.swift */,
				362CF7A32B7B9CB20024DBED /* ScoreCardGrid.swift */,
				362CF7A52B7B9D4C0024DBED /* ScoreDetailView.swift */,
				36CD15562B94EA92006E2FCC /* HCard.swift */,
				36CD15582B94EA9D006E2FCC /* VCard.swift */,
			);
			path = Score;
			sourceTree = "<group>";
		};
		36BB89BD2B890A4700A18FF5 /* ViewModel */ = {
			isa = PBXGroup;
			children = (
				36BB89BE2B890BCF00A18FF5 /* ScoreViewModel.swift */,
			);
			path = ViewModel;
			sourceTree = "<group>";
		};
		36CD15662B95A78B006E2FCC /* RIveAssets */ = {
			isa = PBXGroup;
			children = (
				36CD15682B95A7B2006E2FCC /* button.riv */,
				36CD15672B95A7B2006E2FCC /* check.riv */,
				36CD15692B95A7B2006E2FCC /* confetti.riv */,
				36CD156B2B95A7B2006E2FCC /* house.riv */,
				36CD156C2B95A7B2006E2FCC /* icons.riv */,
				36CD156A2B95A7B2006E2FCC /* menu_button.riv */,
				36CD156D2B95A7B2006E2FCC /* shapes.riv */,
			);
			path = RIveAssets;
			sourceTree = "<group>";
		};
		36F94D672B905D7700C0C182 /* Frameworks */ = {
			isa = PBXGroup;
			children = (
				36F94D6C2B905E4100C0C182 /* ehall_networking_framework.xcframework */,
			);
			name = Frameworks;
			sourceTree = "<group>";
		};
		36F94D702B905E5200C0C182 /* FFI */ = {
			isa = PBXGroup;
			children = (
				36F94D732B90C80000C0C182 /* ehall_networking.swift */,
			);
			path = FFI;
			sourceTree = "<group>";
		};
		36FBF0BF2B793EFC007FF51E = {
			isa = PBXGroup;
			children = (
				36F94D7B2B935A1900C0C182 /* NOTES.md */,
				36FBF0CA2B793EFC007FF51E /* Ehall */,
				36FBF0DC2B793EFE007FF51E /* EhallTests */,
				36FBF0E62B793EFE007FF51E /* EhallUITests */,
				36FBF0C92B793EFC007FF51E /* Products */,
				36F94D672B905D7700C0C182 /* Frameworks */,
			);
			sourceTree = "<group>";
		};
		36FBF0C92B793EFC007FF51E /* Products */ = {
			isa = PBXGroup;
			children = (
				36FBF0C82B793EFC007FF51E /* Ehall.app */,
				36FBF0D92B793EFE007FF51E /* EhallTests.xctest */,
				36FBF0E32B793EFE007FF51E /* EhallUITests.xctest */,
			);
			name = Products;
			sourceTree = "<group>";
		};
		36FBF0CA2B793EFC007FF51E /* Ehall */ = {
			isa = PBXGroup;
			children = (
				36CD15662B95A78B006E2FCC /* RIveAssets */,
				36F94D702B905E5200C0C182 /* FFI */,
				36BB89BD2B890A4700A18FF5 /* ViewModel */,
				362CF79E2B7B9AB60024DBED /* Score */,
				362CF79B2B7B9A350024DBED /* Account */,
				362CF7982B7B99740024DBED /* Home */,
				362CF7932B7B965E0024DBED /* Trash */,
				362CF7872B7A5B2A0024DBED /* Models */,
				362CF7762B7942480024DBED /* Networking */,
				362CF7822B7A12800024DBED /* Items */,
				362CF7812B7A12640024DBED /* Navigation */,
				362CF7792B7949770024DBED /* Info.plist */,
				36FBF0CD2B793EFC007FF51E /* ContentView.swift */,
				36FBF0CB2B793EFC007FF51E /* EhallApp.swift */,
				36FBF0CF2B793EFE007FF51E /* Assets.xcassets */,
				36FBF0D12B793EFE007FF51E /* Ehall.entitlements */,
				36FBF0D22B793EFE007FF51E /* Preview Content */,
			);
			path = Ehall;
			sourceTree = "<group>";
		};
		36FBF0D22B793EFE007FF51E /* Preview Content */ = {
			isa = PBXGroup;
			children = (
				36FBF0D32B793EFE007FF51E /* Preview Assets.xcassets */,
				36CD15622B95A539006E2FCC /* PreviewConstants.swift */,
			);
			path = "Preview Content";
			sourceTree = "<group>";
		};
		36FBF0DC2B793EFE007FF51E /* EhallTests */ = {
			isa = PBXGroup;
			children = (
				36FBF0DD2B793EFE007FF51E /* EhallTests.swift */,
			);
			path = EhallTests;
			sourceTree = "<group>";
		};
		36FBF0E62B793EFE007FF51E /* EhallUITests */ = {
			isa = PBXGroup;
			children = (
				36FBF0E72B793EFE007FF51E /* EhallUITests.swift */,
				36FBF0E92B793EFE007FF51E /* EhallUITestsLaunchTests.swift */,
			);
			path = EhallUITests;
			sourceTree = "<group>";
		};
/* End PBXGroup section */

/* Begin PBXNativeTarget section */
		36FBF0C72B793EFC007FF51E /* Ehall */ = {
			isa = PBXNativeTarget;
			buildConfigurationList = 36FBF0ED2B793EFE007FF51E /* Build configuration list for PBXNativeTarget "Ehall" */;
			buildPhases = (
				36FBF0C42B793EFC007FF51E /* Sources */,
				36FBF0C52B793EFC007FF51E /* Frameworks */,
				36FBF0C62B793EFC007FF51E /* Resources */,
				36F94D6F2B905E4100C0C182 /* Embed Frameworks */,
			);
			buildRules = (
			);
			dependencies = (
			);
			name = Ehall;
			packageProductDependencies = (
				362CF7742B7942390024DBED /* Alamofire */,
				36CD155D2B95A452006E2FCC /* Inject */,
				36CD15602B95A4C0006E2FCC /* RiveRuntime */,
			);
			productName = Ehall;
			productReference = 36FBF0C82B793EFC007FF51E /* Ehall.app */;
			productType = "com.apple.product-type.application";
		};
		36FBF0D82B793EFE007FF51E /* EhallTests */ = {
			isa = PBXNativeTarget;
			buildConfigurationList = 36FBF0F02B793EFE007FF51E /* Build configuration list for PBXNativeTarget "EhallTests" */;
			buildPhases = (
				36FBF0D52B793EFE007FF51E /* Sources */,
				36FBF0D62B793EFE007FF51E /* Frameworks */,
				36FBF0D72B793EFE007FF51E /* Resources */,
			);
			buildRules = (
			);
			dependencies = (
				36FBF0DB2B793EFE007FF51E /* PBXTargetDependency */,
			);
			name = EhallTests;
			productName = EhallTests;
			productReference = 36FBF0D92B793EFE007FF51E /* EhallTests.xctest */;
			productType = "com.apple.product-type.bundle.unit-test";
		};
		36FBF0E22B793EFE007FF51E /* EhallUITests */ = {
			isa = PBXNativeTarget;
			buildConfigurationList = 36FBF0F32B793EFE007FF51E /* Build configuration list for PBXNativeTarget "EhallUITests" */;
			buildPhases = (
				36FBF0DF2B793EFE007FF51E /* Sources */,
				36FBF0E02B793EFE007FF51E /* Frameworks */,
				36FBF0E12B793EFE007FF51E /* Resources */,
			);
			buildRules = (
			);
			dependencies = (
				36FBF0E52B793EFE007FF51E /* PBXTargetDependency */,
			);
			name = EhallUITests;
			productName = EhallUITests;
			productReference = 36FBF0E32B793EFE007FF51E /* EhallUITests.xctest */;
			productType = "com.apple.product-type.bundle.ui-testing";
		};
/* End PBXNativeTarget section */

/* Begin PBXProject section */
		36FBF0C02B793EFC007FF51E /* Project object */ = {
			isa = PBXProject;
			attributes = {
				BuildIndependentTargetsInParallel = 1;
				LastSwiftUpdateCheck = 1520;
				LastUpgradeCheck = 1520;
				TargetAttributes = {
					36FBF0C72B793EFC007FF51E = {
						CreatedOnToolsVersion = 15.2;
					};
					36FBF0D82B793EFE007FF51E = {
						CreatedOnToolsVersion = 15.2;
						TestTargetID = 36FBF0C72B793EFC007FF51E;
					};
					36FBF0E22B793EFE007FF51E = {
						CreatedOnToolsVersion = 15.2;
						TestTargetID = 36FBF0C72B793EFC007FF51E;
					};
				};
			};
			buildConfigurationList = 36FBF0C32B793EFC007FF51E /* Build configuration list for PBXProject "Ehall" */;
			compatibilityVersion = "Xcode 14.0";
			developmentRegion = en;
			hasScannedForEncodings = 0;
			knownRegions = (
				en,
				Base,
			);
			mainGroup = 36FBF0BF2B793EFC007FF51E;
			packageReferences = (
				362CF7732B7942390024DBED /* XCRemoteSwiftPackageReference "Alamofire" */,
				36CD155C2B95A452006E2FCC /* XCRemoteSwiftPackageReference "Inject" */,
				36CD155F2B95A4C0006E2FCC /* XCRemoteSwiftPackageReference "rive-ios" */,
			);
			productRefGroup = 36FBF0C92B793EFC007FF51E /* Products */;
			projectDirPath = "";
			projectRoot = "";
			targets = (
				36FBF0C72B793EFC007FF51E /* Ehall */,
				36FBF0D82B793EFE007FF51E /* EhallTests */,
				36FBF0E22B793EFE007FF51E /* EhallUITests */,
			);
		};
/* End PBXProject section */

/* Begin PBXResourcesBuildPhase section */
		36FBF0C62B793EFC007FF51E /* Resources */ = {
			isa = PBXResourcesBuildPhase;
			buildActionMask = 2147483647;
			files = (
				36CD156E2B95A7B3006E2FCC /* check.riv in Resources */,
				36CD156F2B95A7B3006E2FCC /* button.riv in Resources */,
				36CD15712B95A7B3006E2FCC /* menu_button.riv in Resources */,
				36FBF0D42B793EFE007FF51E /* Preview Assets.xcassets in Resources */,
				36CD15742B95A7B3006E2FCC /* shapes.riv in Resources */,
				36CD15732B95A7B3006E2FCC /* icons.riv in Resources */,
				36CD15722B95A7B3006E2FCC /* house.riv in Resources */,
				36FBF0D02B793EFE007FF51E /* Assets.xcassets in Resources */,
				36CD15702B95A7B3006E2FCC /* confetti.riv in Resources */,
			);
			runOnlyForDeploymentPostprocessing = 0;
		};
		36FBF0D72B793EFE007FF51E /* Resources */ = {
			isa = PBXResourcesBuildPhase;
			buildActionMask = 2147483647;
			files = (
			);
			runOnlyForDeploymentPostprocessing = 0;
		};
		36FBF0E12B793EFE007FF51E /* Resources */ = {
			isa = PBXResourcesBuildPhase;
			buildActionMask = 2147483647;
			files = (
			);
			runOnlyForDeploymentPostprocessing = 0;
		};
/* End PBXResourcesBuildPhase section */

/* Begin PBXSourcesBuildPhase section */
		36FBF0C42B793EFC007FF51E /* Sources */ = {
			isa = PBXSourcesBuildPhase;
			buildActionMask = 2147483647;
			files = (
				36CD15572B94EA92006E2FCC /* HCard.swift in Sources */,
				362CF7A22B7B9C310024DBED /* ScoreCard.swift in Sources */,
				36BB89C72B8A2A1500A18FF5 /* NavigationViewHeaderWithImageBlock.swift in Sources */,
				362CF7782B7942B40024DBED /* Requests.swift in Sources */,
				36CD15512B9464FA006E2FCC /* Info.swift in Sources */,
				362CF7A02B7B9ACA0024DBED /* ScoreNavigationStack.swift in Sources */,
				362CF7802B7A10AE0024DBED /* CourseItem.swift in Sources */,
				362CF7892B7A5B650024DBED /* EhallData.swift in Sources */,
				36FBF0CE2B793EFC007FF51E /* ContentView.swift in Sources */,
				36BB89BF2B890BCF00A18FF5 /* ScoreViewModel.swift in Sources */,
				362CF7A42B7B9CB20024DBED /* ScoreCardGrid.swift in Sources */,
				362CF7862B7A51D90024DBED /* CourseRow.swift in Sources */,
				362CF7952B7B967A0024DBED /* TrashView.swift in Sources */,
				36BB89C52B89EAD100A18FF5 /* Blob.swift in Sources */,
				362CF79D2B7B9A6B0024DBED /* AccountNavigationStack.swift in Sources */,
				36CD15532B946505006E2FCC /* Score.swift in Sources */,
				36CD15632B95A539006E2FCC /* PreviewConstants.swift in Sources */,
				36CD154F2B9464E4006E2FCC /* Auth.swift in Sources */,
				362CF7972B7B96CD0024DBED /* AppTabView.swift in Sources */,
				36CD15592B94EA9D006E2FCC /* VCard.swift in Sources */,
				36BB89C12B89C16C00A18FF5 /* DismissButton.swift in Sources */,
				36BB89BC2B89011A00A18FF5 /* AccountButton.swift in Sources */,
				36CD15552B949E03006E2FCC /* CourseTable.swift in Sources */,
				36F94D742B90C80000C0C182 /* ehall_networking.swift in Sources */,
				362CF77C2B7A03CE0024DBED /* Sidebar.swift in Sources */,
				362CF79A2B7B99880024DBED /* HomeNavigationStack.swift in Sources */,
				36FBF0CC2B793EFC007FF51E /* EhallApp.swift in Sources */,
				36CD15652B95A746006E2FCC /* OnBoardingView.swift in Sources */,
				362CF7A62B7B9D4C0024DBED /* ScoreDetailView.swift in Sources */,
				362CF7842B7A131E0024DBED /* CoursesList.swift in Sources */,
				362CF7A82B7BA6CA0024DBED /* LoginView.swift in Sources */,
				362CF77E2B7A066B0024DBED /* CourseView.swift in Sources */,
				362CF7922B7B936D0024DBED /* AppScreen.swift in Sources */,
			);
			runOnlyForDeploymentPostprocessing = 0;
		};
		36FBF0D52B793EFE007FF51E /* Sources */ = {
			isa = PBXSourcesBuildPhase;
			buildActionMask = 2147483647;
			files = (
				36FBF0DE2B793EFE007FF51E /* EhallTests.swift in Sources */,
			);
			runOnlyForDeploymentPostprocessing = 0;
		};
		36FBF0DF2B793EFE007FF51E /* Sources */ = {
			isa = PBXSourcesBuildPhase;
			buildActionMask = 2147483647;
			files = (
				36FBF0E82B793EFE007FF51E /* EhallUITests.swift in Sources */,
				36FBF0EA2B793EFE007FF51E /* EhallUITestsLaunchTests.swift in Sources */,
			);
			runOnlyForDeploymentPostprocessing = 0;
		};
/* End PBXSourcesBuildPhase section */

/* Begin PBXTargetDependency section */
		36FBF0DB2B793EFE007FF51E /* PBXTargetDependency */ = {
			isa = PBXTargetDependency;
			target = 36FBF0C72B793EFC007FF51E /* Ehall */;
			targetProxy = 36FBF0DA2B793EFE007FF51E /* PBXContainerItemProxy */;
		};
		36FBF0E52B793EFE007FF51E /* PBXTargetDependency */ = {
			isa = PBXTargetDependency;
			target = 36FBF0C72B793EFC007FF51E /* Ehall */;
			targetProxy = 36FBF0E42B793EFE007FF51E /* PBXContainerItemProxy */;
		};
/* End PBXTargetDependency section */

/* Begin XCBuildConfiguration section */
		36FBF0EB2B793EFE007FF51E /* Debug */ = {
			isa = XCBuildConfiguration;
			buildSettings = {
				ALWAYS_SEARCH_USER_PATHS = NO;
				ASSETCATALOG_COMPILER_GENERATE_SWIFT_ASSET_SYMBOL_EXTENSIONS = YES;
				CLANG_ANALYZER_NONNULL = YES;
				CLANG_ANALYZER_NUMBER_OBJECT_CONVERSION = YES_AGGRESSIVE;
				CLANG_CXX_LANGUAGE_STANDARD = "gnu++20";
				CLANG_ENABLE_MODULES = YES;
				CLANG_ENABLE_OBJC_ARC = YES;
				CLANG_ENABLE_OBJC_WEAK = YES;
				CLANG_WARN_BLOCK_CAPTURE_AUTORELEASING = YES;
				CLANG_WARN_BOOL_CONVERSION = YES;
				CLANG_WARN_COMMA = YES;
				CLANG_WARN_CONSTANT_CONVERSION = YES;
				CLANG_WARN_DEPRECATED_OBJC_IMPLEMENTATIONS = YES;
				CLANG_WARN_DIRECT_OBJC_ISA_USAGE = YES_ERROR;
				CLANG_WARN_DOCUMENTATION_COMMENTS = YES;
				CLANG_WARN_EMPTY_BODY = YES;
				CLANG_WARN_ENUM_CONVERSION = YES;
				CLANG_WARN_INFINITE_RECURSION = YES;
				CLANG_WARN_INT_CONVERSION = YES;
				CLANG_WARN_NON_LITERAL_NULL_CONVERSION = YES;
				CLANG_WARN_OBJC_IMPLICIT_RETAIN_SELF = YES;
				CLANG_WARN_OBJC_LITERAL_CONVERSION = YES;
				CLANG_WARN_OBJC_ROOT_CLASS = YES_ERROR;
				CLANG_WARN_QUOTED_INCLUDE_IN_FRAMEWORK_HEADER = YES;
				CLANG_WARN_RANGE_LOOP_ANALYSIS = YES;
				CLANG_WARN_STRICT_PROTOTYPES = YES;
				CLANG_WARN_SUSPICIOUS_MOVE = YES;
				CLANG_WARN_UNGUARDED_AVAILABILITY = YES_AGGRESSIVE;
				CLANG_WARN_UNREACHABLE_CODE = YES;
				CLANG_WARN__DUPLICATE_METHOD_MATCH = YES;
				COPY_PHASE_STRIP = NO;
				DEBUG_INFORMATION_FORMAT = dwarf;
				ENABLE_STRICT_OBJC_MSGSEND = YES;
				ENABLE_TESTABILITY = YES;
				ENABLE_USER_SCRIPT_SANDBOXING = YES;
				GCC_C_LANGUAGE_STANDARD = gnu17;
				GCC_DYNAMIC_NO_PIC = NO;
				GCC_NO_COMMON_BLOCKS = YES;
				GCC_OPTIMIZATION_LEVEL = 0;
				GCC_PREPROCESSOR_DEFINITIONS = (
					"DEBUG=1",
					"$(inherited)",
				);
				GCC_WARN_64_TO_32_BIT_CONVERSION = YES;
				GCC_WARN_ABOUT_RETURN_TYPE = YES_ERROR;
				GCC_WARN_UNDECLARED_SELECTOR = YES;
				GCC_WARN_UNINITIALIZED_AUTOS = YES_AGGRESSIVE;
				GCC_WARN_UNUSED_FUNCTION = YES;
				GCC_WARN_UNUSED_VARIABLE = YES;
				LOCALIZATION_PREFERS_STRING_CATALOGS = YES;
				MTL_ENABLE_DEBUG_INFO = INCLUDE_SOURCE;
				MTL_FAST_MATH = YES;
				ONLY_ACTIVE_ARCH = YES;
				SWIFT_ACTIVE_COMPILATION_CONDITIONS = "DEBUG $(inherited)";
				SWIFT_OPTIMIZATION_LEVEL = "-Onone";
			};
			name = Debug;
		};
		36FBF0EC2B793EFE007FF51E /* Release */ = {
			isa = XCBuildConfiguration;
			buildSettings = {
				ALWAYS_SEARCH_USER_PATHS = NO;
				ASSETCATALOG_COMPILER_GENERATE_SWIFT_ASSET_SYMBOL_EXTENSIONS = YES;
				CLANG_ANALYZER_NONNULL = YES;
				CLANG_ANALYZER_NUMBER_OBJECT_CONVERSION = YES_AGGRESSIVE;
				CLANG_CXX_LANGUAGE_STANDARD = "gnu++20";
				CLANG_ENABLE_MODULES = YES;
				CLANG_ENABLE_OBJC_ARC = YES;
				CLANG_ENABLE_OBJC_WEAK = YES;
				CLANG_WARN_BLOCK_CAPTURE_AUTORELEASING = YES;
				CLANG_WARN_BOOL_CONVERSION = YES;
				CLANG_WARN_COMMA = YES;
				CLANG_WARN_CONSTANT_CONVERSION = YES;
				CLANG_WARN_DEPRECATED_OBJC_IMPLEMENTATIONS = YES;
				CLANG_WARN_DIRECT_OBJC_ISA_USAGE = YES_ERROR;
				CLANG_WARN_DOCUMENTATION_COMMENTS = YES;
				CLANG_WARN_EMPTY_BODY = YES;
				CLANG_WARN_ENUM_CONVERSION = YES;
				CLANG_WARN_INFINITE_RECURSION = YES;
				CLANG_WARN_INT_CONVERSION = YES;
				CLANG_WARN_NON_LITERAL_NULL_CONVERSION = YES;
				CLANG_WARN_OBJC_IMPLICIT_RETAIN_SELF = YES;
				CLANG_WARN_OBJC_LITERAL_CONVERSION = YES;
				CLANG_WARN_OBJC_ROOT_CLASS = YES_ERROR;
				CLANG_WARN_QUOTED_INCLUDE_IN_FRAMEWORK_HEADER = YES;
				CLANG_WARN_RANGE_LOOP_ANALYSIS = YES;
				CLANG_WARN_STRICT_PROTOTYPES = YES;
				CLANG_WARN_SUSPICIOUS_MOVE = YES;
				CLANG_WARN_UNGUARDED_AVAILABILITY = YES_AGGRESSIVE;
				CLANG_WARN_UNREACHABLE_CODE = YES;
				CLANG_WARN__DUPLICATE_METHOD_MATCH = YES;
				COPY_PHASE_STRIP = NO;
				DEBUG_INFORMATION_FORMAT = "dwarf-with-dsym";
				ENABLE_NS_ASSERTIONS = NO;
				ENABLE_STRICT_OBJC_MSGSEND = YES;
				ENABLE_USER_SCRIPT_SANDBOXING = YES;
				GCC_C_LANGUAGE_STANDARD = gnu17;
				GCC_NO_COMMON_BLOCKS = YES;
				GCC_WARN_64_TO_32_BIT_CONVERSION = YES;
				GCC_WARN_ABOUT_RETURN_TYPE = YES_ERROR;
				GCC_WARN_UNDECLARED_SELECTOR = YES;
				GCC_WARN_UNINITIALIZED_AUTOS = YES_AGGRESSIVE;
				GCC_WARN_UNUSED_FUNCTION = YES;
				GCC_WARN_UNUSED_VARIABLE = YES;
				LOCALIZATION_PREFERS_STRING_CATALOGS = YES;
				MTL_ENABLE_DEBUG_INFO = NO;
				MTL_FAST_MATH = YES;
				SWIFT_COMPILATION_MODE = wholemodule;
			};
			name = Release;
		};
		36FBF0EE2B793EFE007FF51E /* Debug */ = {
			isa = XCBuildConfiguration;
			buildSettings = {
				ASSETCATALOG_COMPILER_APPICON_NAME = AppIcon;
				ASSETCATALOG_COMPILER_GLOBAL_ACCENT_COLOR_NAME = AccentColor;
				CODE_SIGN_ENTITLEMENTS = Ehall/Ehall.entitlements;
				CODE_SIGN_STYLE = Automatic;
				CURRENT_PROJECT_VERSION = 1;
				DEVELOPMENT_ASSET_PATHS = "\"Ehall/Preview Content\"";
				DEVELOPMENT_TEAM = P5DH38B4RM;
				ENABLE_HARDENED_RUNTIME = YES;
				ENABLE_PREVIEWS = YES;
				GENERATE_INFOPLIST_FILE = YES;
				INFOPLIST_FILE = Ehall/Info.plist;
				INFOPLIST_KEY_CFBundleDisplayName = "";
				INFOPLIST_KEY_LSApplicationCategoryType = "public.app-category.education";
				"INFOPLIST_KEY_UIApplicationSceneManifest_Generation[sdk=iphoneos*]" = YES;
				"INFOPLIST_KEY_UIApplicationSceneManifest_Generation[sdk=iphonesimulator*]" = YES;
				"INFOPLIST_KEY_UIApplicationSupportsIndirectInputEvents[sdk=iphoneos*]" = YES;
				"INFOPLIST_KEY_UIApplicationSupportsIndirectInputEvents[sdk=iphonesimulator*]" = YES;
				"INFOPLIST_KEY_UILaunchScreen_Generation[sdk=iphoneos*]" = YES;
				"INFOPLIST_KEY_UILaunchScreen_Generation[sdk=iphonesimulator*]" = YES;
				"INFOPLIST_KEY_UIStatusBarStyle[sdk=iphoneos*]" = UIStatusBarStyleDefault;
				"INFOPLIST_KEY_UIStatusBarStyle[sdk=iphonesimulator*]" = UIStatusBarStyleDefault;
				INFOPLIST_KEY_UISupportedInterfaceOrientations_iPad = "UIInterfaceOrientationPortrait UIInterfaceOrientationPortraitUpsideDown UIInterfaceOrientationLandscapeLeft UIInterfaceOrientationLandscapeRight";
				INFOPLIST_KEY_UISupportedInterfaceOrientations_iPhone = "UIInterfaceOrientationPortrait UIInterfaceOrientationLandscapeLeft UIInterfaceOrientationLandscapeRight";
				IPHONEOS_DEPLOYMENT_TARGET = 17.2;
				LD_RUNPATH_SEARCH_PATHS = "@executable_path/Frameworks";
				"LD_RUNPATH_SEARCH_PATHS[sdk=macosx*]" = "@executable_path/../Frameworks";
				MACOSX_DEPLOYMENT_TARGET = 14.2;
				MARKETING_VERSION = 1.0;
				PRODUCT_BUNDLE_IDENTIFIER = Kernelize.Ehall;
				PRODUCT_NAME = "$(TARGET_NAME)";
				SDKROOT = auto;
				SUPPORTED_PLATFORMS = "iphoneos iphonesimulator macosx";
				SWIFT_EMIT_LOC_STRINGS = YES;
				SWIFT_VERSION = 5.0;
				TARGETED_DEVICE_FAMILY = "1,2";
			};
			name = Debug;
		};
		36FBF0EF2B793EFE007FF51E /* Release */ = {
			isa = XCBuildConfiguration;
			buildSettings = {
				ASSETCATALOG_COMPILER_APPICON_NAME = AppIcon;
				ASSETCATALOG_COMPILER_GLOBAL_ACCENT_COLOR_NAME = AccentColor;
				CODE_SIGN_ENTITLEMENTS = Ehall/Ehall.entitlements;
				CODE_SIGN_STYLE = Automatic;
				CURRENT_PROJECT_VERSION = 1;
				DEVELOPMENT_ASSET_PATHS = "\"Ehall/Preview Content\"";
				DEVELOPMENT_TEAM = P5DH38B4RM;
				ENABLE_HARDENED_RUNTIME = YES;
				ENABLE_PREVIEWS = YES;
				GENERATE_INFOPLIST_FILE = YES;
				INFOPLIST_FILE = Ehall/Info.plist;
				INFOPLIST_KEY_CFBundleDisplayName = "";
				INFOPLIST_KEY_LSApplicationCategoryType = "public.app-category.education";
				"INFOPLIST_KEY_UIApplicationSceneManifest_Generation[sdk=iphoneos*]" = YES;
				"INFOPLIST_KEY_UIApplicationSceneManifest_Generation[sdk=iphonesimulator*]" = YES;
				"INFOPLIST_KEY_UIApplicationSupportsIndirectInputEvents[sdk=iphoneos*]" = YES;
				"INFOPLIST_KEY_UIApplicationSupportsIndirectInputEvents[sdk=iphonesimulator*]" = YES;
				"INFOPLIST_KEY_UILaunchScreen_Generation[sdk=iphoneos*]" = YES;
				"INFOPLIST_KEY_UILaunchScreen_Generation[sdk=iphonesimulator*]" = YES;
				"INFOPLIST_KEY_UIStatusBarStyle[sdk=iphoneos*]" = UIStatusBarStyleDefault;
				"INFOPLIST_KEY_UIStatusBarStyle[sdk=iphonesimulator*]" = UIStatusBarStyleDefault;
				INFOPLIST_KEY_UISupportedInterfaceOrientations_iPad = "UIInterfaceOrientationPortrait UIInterfaceOrientationPortraitUpsideDown UIInterfaceOrientationLandscapeLeft UIInterfaceOrientationLandscapeRight";
				INFOPLIST_KEY_UISupportedInterfaceOrientations_iPhone = "UIInterfaceOrientationPortrait UIInterfaceOrientationLandscapeLeft UIInterfaceOrientationLandscapeRight";
				IPHONEOS_DEPLOYMENT_TARGET = 17.2;
				LD_RUNPATH_SEARCH_PATHS = "@executable_path/Frameworks";
				"LD_RUNPATH_SEARCH_PATHS[sdk=macosx*]" = "@executable_path/../Frameworks";
				MACOSX_DEPLOYMENT_TARGET = 14.2;
				MARKETING_VERSION = 1.0;
				PRODUCT_BUNDLE_IDENTIFIER = Kernelize.Ehall;
				PRODUCT_NAME = "$(TARGET_NAME)";
				SDKROOT = auto;
				SUPPORTED_PLATFORMS = "iphoneos iphonesimulator macosx";
				SWIFT_EMIT_LOC_STRINGS = YES;
				SWIFT_VERSION = 5.0;
				TARGETED_DEVICE_FAMILY = "1,2";
			};
			name = Release;
		};
		36FBF0F12B793EFE007FF51E /* Debug */ = {
			isa = XCBuildConfiguration;
			buildSettings = {
				ALWAYS_EMBED_SWIFT_STANDARD_LIBRARIES = YES;
				BUNDLE_LOADER = "$(TEST_HOST)";
				CODE_SIGN_STYLE = Automatic;
				CURRENT_PROJECT_VERSION = 1;
				DEVELOPMENT_TEAM = P5DH38B4RM;
				GENERATE_INFOPLIST_FILE = YES;
				IPHONEOS_DEPLOYMENT_TARGET = 17.2;
				MACOSX_DEPLOYMENT_TARGET = 14.2;
				MARKETING_VERSION = 1.0;
				PRODUCT_BUNDLE_IDENTIFIER = Kernelize.EhallTests;
				PRODUCT_NAME = "$(TARGET_NAME)";
				SDKROOT = auto;
				SUPPORTED_PLATFORMS = "iphoneos iphonesimulator macosx";
				SWIFT_EMIT_LOC_STRINGS = NO;
				SWIFT_VERSION = 5.0;
				TARGETED_DEVICE_FAMILY = "1,2";
				TEST_HOST = "$(BUILT_PRODUCTS_DIR)/Ehall.app/$(BUNDLE_EXECUTABLE_FOLDER_PATH)/Ehall";
			};
			name = Debug;
		};
		36FBF0F22B793EFE007FF51E /* Release */ = {
			isa = XCBuildConfiguration;
			buildSettings = {
				ALWAYS_EMBED_SWIFT_STANDARD_LIBRARIES = YES;
				BUNDLE_LOADER = "$(TEST_HOST)";
				CODE_SIGN_STYLE = Automatic;
				CURRENT_PROJECT_VERSION = 1;
				DEVELOPMENT_TEAM = P5DH38B4RM;
				GENERATE_INFOPLIST_FILE = YES;
				IPHONEOS_DEPLOYMENT_TARGET = 17.2;
				MACOSX_DEPLOYMENT_TARGET = 14.2;
				MARKETING_VERSION = 1.0;
				PRODUCT_BUNDLE_IDENTIFIER = Kernelize.EhallTests;
				PRODUCT_NAME = "$(TARGET_NAME)";
				SDKROOT = auto;
				SUPPORTED_PLATFORMS = "iphoneos iphonesimulator macosx";
				SWIFT_EMIT_LOC_STRINGS = NO;
				SWIFT_VERSION = 5.0;
				TARGETED_DEVICE_FAMILY = "1,2";
				TEST_HOST = "$(BUILT_PRODUCTS_DIR)/Ehall.app/$(BUNDLE_EXECUTABLE_FOLDER_PATH)/Ehall";
			};
			name = Release;
		};
		36FBF0F42B793EFE007FF51E /* Debug */ = {
			isa = XCBuildConfiguration;
			buildSettings = {
				ALWAYS_EMBED_SWIFT_STANDARD_LIBRARIES = YES;
				CODE_SIGN_STYLE = Automatic;
				CURRENT_PROJECT_VERSION = 1;
				DEVELOPMENT_TEAM = P5DH38B4RM;
				GENERATE_INFOPLIST_FILE = YES;
				IPHONEOS_DEPLOYMENT_TARGET = 17.2;
				MACOSX_DEPLOYMENT_TARGET = 14.2;
				MARKETING_VERSION = 1.0;
				PRODUCT_BUNDLE_IDENTIFIER = Kernelize.EhallUITests;
				PRODUCT_NAME = "$(TARGET_NAME)";
				SDKROOT = auto;
				SUPPORTED_PLATFORMS = "iphoneos iphonesimulator macosx";
				SWIFT_EMIT_LOC_STRINGS = NO;
				SWIFT_VERSION = 5.0;
				TARGETED_DEVICE_FAMILY = "1,2";
				TEST_TARGET_NAME = Ehall;
			};
			name = Debug;
		};
		36FBF0F52B793EFE007FF51E /* Release */ = {
			isa = XCBuildConfiguration;
			buildSettings = {
				ALWAYS_EMBED_SWIFT_STANDARD_LIBRARIES = YES;
				CODE_SIGN_STYLE = Automatic;
				CURRENT_PROJECT_VERSION = 1;
				DEVELOPMENT_TEAM = P5DH38B4RM;
				GENERATE_INFOPLIST_FILE = YES;
				IPHONEOS_DEPLOYMENT_TARGET = 17.2;
				MACOSX_DEPLOYMENT_TARGET = 14.2;
				MARKETING_VERSION = 1.0;
				PRODUCT_BUNDLE_IDENTIFIER = Kernelize.EhallUITests;
				PRODUCT_NAME = "$(TARGET_NAME)";
				SDKROOT = auto;
				SUPPORTED_PLATFORMS = "iphoneos iphonesimulator macosx";
				SWIFT_EMIT_LOC_STRINGS = NO;
				SWIFT_VERSION = 5.0;
				TARGETED_DEVICE_FAMILY = "1,2";
				TEST_TARGET_NAME = Ehall;
			};
			name = Release;
		};
/* End XCBuildConfiguration section */

/* Begin XCConfigurationList section */
		36FBF0C32B793EFC007FF51E /* Build configuration list for PBXProject "Ehall" */ = {
			isa = XCConfigurationList;
			buildConfigurations = (
				36FBF0EB2B793EFE007FF51E /* Debug */,
				36FBF0EC2B793EFE007FF51E /* Release */,
			);
			defaultConfigurationIsVisible = 0;
			defaultConfigurationName = Release;
		};
		36FBF0ED2B793EFE007FF51E /* Build configuration list for PBXNativeTarget "Ehall" */ = {
			isa = XCConfigurationList;
			buildConfigurations = (
				36FBF0EE2B793EFE007FF51E /* Debug */,
				36FBF0EF2B793EFE007FF51E /* Release */,
			);
			defaultConfigurationIsVisible = 0;
			defaultConfigurationName = Release;
		};
		36FBF0F02B793EFE007FF51E /* Build configuration list for PBXNativeTarget "EhallTests" */ = {
			isa = XCConfigurationList;
			buildConfigurations = (
				36FBF0F12B793EFE007FF51E /* Debug */,
				36FBF0F22B793EFE007FF51E /* Release */,
			);
			defaultConfigurationIsVisible = 0;
			defaultConfigurationName = Release;
		};
		36FBF0F32B793EFE007FF51E /* Build configuration list for PBXNativeTarget "EhallUITests" */ = {
			isa = XCConfigurationList;
			buildConfigurations = (
				36FBF0F42B793EFE007FF51E /* Debug */,
				36FBF0F52B793EFE007FF51E /* Release */,
			);
			defaultConfigurationIsVisible = 0;
			defaultConfigurationName = Release;
		};
/* End XCConfigurationList section */

/* Begin XCRemoteSwiftPackageReference section */
		362CF7732B7942390024DBED /* XCRemoteSwiftPackageReference "Alamofire" */ = {
			isa = XCRemoteSwiftPackageReference;
			repositoryURL = "https://github.com/Alamofire/Alamofire.git";
			requirement = {
				kind = upToNextMajorVersion;
				minimumVersion = 5.8.1;
			};
		};
		36CD155C2B95A452006E2FCC /* XCRemoteSwiftPackageReference "Inject" */ = {
			isa = XCRemoteSwiftPackageReference;
			repositoryURL = "https://github.com/krzysztofzablocki/Inject.git";
			requirement = {
				kind = upToNextMajorVersion;
				minimumVersion = 1.3.0;
			};
		};
		36CD155F2B95A4C0006E2FCC /* XCRemoteSwiftPackageReference "rive-ios" */ = {
			isa = XCRemoteSwiftPackageReference;
			repositoryURL = "https://github.com/rive-app/rive-ios";
			requirement = {
				kind = upToNextMajorVersion;
				minimumVersion = 5.9.1;
			};
		};
/* End XCRemoteSwiftPackageReference section */

/* Begin XCSwiftPackageProductDependency section */
		362CF7742B7942390024DBED /* Alamofire */ = {
			isa = XCSwiftPackageProductDependency;
			package = 362CF7732B7942390024DBED /* XCRemoteSwiftPackageReference "Alamofire" */;
			productName = Alamofire;
		};
		36CD155D2B95A452006E2FCC /* Inject */ = {
			isa = XCSwiftPackageProductDependency;
			package = 36CD155C2B95A452006E2FCC /* XCRemoteSwiftPackageReference "Inject" */;
			productName = Inject;
		};
		36CD15602B95A4C0006E2FCC /* RiveRuntime */ = {
			isa = XCSwiftPackageProductDependency;
			package = 36CD155F2B95A4C0006E2FCC /* XCRemoteSwiftPackageReference "rive-ios" */;
			productName = RiveRuntime;
		};
/* End XCSwiftPackageProductDependency section */
	};
	rootObject = 36FBF0C02B793EFC007FF51E /* Project object */;
}
